
Microsoft Visual Studio Solution File, Format Version 12.00
# Visual Studio Version 16
VisualStudioVersion = 16.0.27130.2036
MinimumVisualStudioVersion = 10.0.40219.1
Project("{9A19103F-16F7-4668-BE54-9A1E7A4F7556}") = "MethodCheck", "MethodCheck\MethodCheck.csproj", "{FDA76E88-8EE7-4C75-8213-7C41C32840EF}"
EndProject
Project("{9A19103F-16F7-4668-BE54-9A1E7A4F7556}") = "MethodCheck.Test", "MethodCheck.Test\MethodCheck.Test.csproj", "{97C5075D-94ED-4185-BB87-ADEB0AE63029}"
EndProject
Project("{9A19103F-16F7-4668-BE54-9A1E7A4F7556}") = "MethodCheck.Core", "MethodCheck.Core\MethodCheck.Core.csproj", "{14A18414-199A-4062-B210-F25289E5D228}"
EndProject
Global
	GlobalSection(SolutionConfigurationPlatforms) = preSolution
		Debug|Any CPU = Debug|Any CPU
		Release|Any CPU = Release|Any CPU
	EndGlobalSection
	GlobalSection(ProjectConfigurationPlatforms) = postSolution
		{FDA76E88-8EE7-4C75-8213-7C41C32840EF}.Debug|Any CPU.ActiveCfg = Debug|Any CPU
		{FDA76E88-8EE7-4C75-8213-7C41C32840EF}.Debug|Any CPU.Build.0 = Debug|Any CPU
		{FDA76E88-8EE7-4C75-8213-7C41C32840EF}.Release|Any CPU.ActiveCfg = Release|Any CPU
		{FDA76E88-8EE7-4C75-8213-7C41C32840EF}.Release|Any CPU.Build.0 = Release|Any CPU
		{97C5075D-94ED-4185-BB87-ADEB0AE63029}.Debug|Any CPU.ActiveCfg = Debug|Any CPU
		{97C5075D-94ED-4185-BB87-ADEB0AE63029}.Debug|Any CPU.Build.0 = Debug|Any CPU
		{97C5075D-94ED-4185-BB87-ADEB0AE63029}.Release|Any CPU.ActiveCfg = Release|Any CPU
		{14A18414-199A-4062-B210-F25289E5D228}.Debug|Any CPU.ActiveCfg = Debug|Any CPU
		{14A18414-199A-4062-B210-F25289E5D228}.Debug|Any CPU.Build.0 = Debug|Any CPU
		{14A18414-199A-4062-B210-F25289E5D228}.Release|Any CPU.ActiveCfg = Release|Any CPU
		{14A18414-199A-4062-B210-F25289E5D228}.Release|Any CPU.Build.0 = Release|Any CPU
	EndGlobalSection
	GlobalSection(SolutionProperties) = preSolution
		HideSolutionNode = FALSE
	EndGlobalSection
	GlobalSection(ExtensibilityGlobals) = postSolution
		SolutionGuid = {9FEC8C29-B1AC-43E7-8710-2523DD1452BD}
	EndGlobalSection
EndGlobal
